
Microsoft Visual Studio Solution File, Format Version 12.00
# Visual Studio Version 16
VisualStudioVersion = 16.0.32228.343
MinimumVisualStudioVersion = 10.0.40219.1
Project("{FAE04EC0-301F-11D3-BF4B-00C04F79EFBC}") = "PrintPaymentSystem_Demo", "PrintPaymentSystem_Demo\PrintPaymentSystem_Demo.csproj", "{8CFE98E8-056F-4DE4-ABCE-099E4DA4FC10}"
EndProject
Project("{FAE04EC0-301F-11D3-BF4B-00C04F79EFBC}") = "BLL", "BLL\BLL.csproj", "{E50A345F-7A0A-4967-82BF-B7F2ED9F1DD3}"
EndProject
Project("{FAE04EC0-301F-11D3-BF4B-00C04F79EFBC}") = "DAL", "DAL\DAL.csproj", "{1A4FE02E-2F31-4200-AFAA-C3252A15ED04}"
EndProject
Project("{FAE04EC0-301F-11D3-BF4B-00C04F79EFBC}") = "DTO", "DTO\DTO.csproj", "{DEA3A31B-FA40-4221-9BB2-283E7A69A744}"
EndProject
Project("{FAE04EC0-301F-11D3-BF4B-00C04F79EFBC}") = "PrintPaymentSystem", "PrintPaymentSystem\PrintPaymentSystem.csproj", "{A5D973A3-276F-4BE2-851F-D9F254725C80}"
EndProject
Global
	GlobalSection(SolutionConfigurationPlatforms) = preSolution
		Debug|Any CPU = Debug|Any CPU
		Release|Any CPU = Release|Any CPU
	EndGlobalSection
	GlobalSection(ProjectConfigurationPlatforms) = postSolution
		{8CFE98E8-056F-4DE4-ABCE-099E4DA4FC10}.Debug|Any CPU.ActiveCfg = Debug|Any CPU
		{8CFE98E8-056F-4DE4-ABCE-099E4DA4FC10}.Debug|Any CPU.Build.0 = Debug|Any CPU
		{8CFE98E8-056F-4DE4-ABCE-099E4DA4FC10}.Release|Any CPU.ActiveCfg = Release|Any CPU
		{8CFE98E8-056F-4DE4-ABCE-099E4DA4FC10}.Release|Any CPU.Build.0 = Release|Any CPU
		{E50A345F-7A0A-4967-82BF-B7F2ED9F1DD3}.Debug|Any CPU.ActiveCfg = Debug|Any CPU
		{E50A345F-7A0A-4967-82BF-B7F2ED9F1DD3}.Debug|Any CPU.Build.0 = Debug|Any CPU
		{E50A345F-7A0A-4967-82BF-B7F2ED9F1DD3}.Release|Any CPU.ActiveCfg = Release|Any CPU
		{E50A345F-7A0A-4967-82BF-B7F2ED9F1DD3}.Release|Any CPU.Build.0 = Release|Any CPU
		{1A4FE02E-2F31-4200-AFAA-C3252A15ED04}.Debug|Any CPU.ActiveCfg = Debug|Any CPU
		{1A4FE02E-2F31-4200-AFAA-C3252A15ED04}.Debug|Any CPU.Build.0 = Debug|Any CPU
		{1A4FE02E-2F31-4200-AFAA-C3252A15ED04}.Release|Any CPU.ActiveCfg = Release|Any CPU
		{1A4FE02E-2F31-4200-AFAA-C3252A15ED04}.Release|Any CPU.Build.0 = Release|Any CPU
		{DEA3A31B-FA40-4221-9BB2-283E7A69A744}.Debug|Any CPU.ActiveCfg = Debug|Any CPU
		{DEA3A31B-FA40-4221-9BB2-283E7A69A744}.Debug|Any CPU.Build.0 = Debug|Any CPU
		{DEA3A31B-FA40-4221-9BB2-283E7A69A744}.Release|Any CPU.ActiveCfg = Release|Any CPU
		{DEA3A31B-FA40-4221-9BB2-283E7A69A744}.Release|Any CPU.Build.0 = Release|Any CPU
		{A5D973A3-276F-4BE2-851F-D9F254725C80}.Debug|Any CPU.ActiveCfg = Debug|Any CPU
		{A5D973A3-276F-4BE2-851F-D9F254725C80}.Debug|Any CPU.Build.0 = Debug|Any CPU
		{A5D973A3-276F-4BE2-851F-D9F254725C80}.Release|Any CPU.ActiveCfg = Release|Any CPU
		{A5D973A3-276F-4BE2-851F-D9F254725C80}.Release|Any CPU.Build.0 = Release|Any CPU
	EndGlobalSection
	GlobalSection(SolutionProperties) = preSolution
		HideSolutionNode = FALSE
	EndGlobalSection
	GlobalSection(ExtensibilityGlobals) = postSolution
		SolutionGuid = {8538D387-4EAC-4BB3-A0C9-610A6FDCBCF0}
	EndGlobalSection
EndGlobal
